
Microsoft Visual Studio Solution File, Format Version 12.00
# Visual Studio Version 17
VisualStudioVersion = 17.5.002.0
MinimumVisualStudioVersion = 10.0.40219.1
Project("{9A19103F-16F7-4668-BE54-9A1E7A4F7556}") = "simple_web", "simple_web.csproj", "{F858A749-C757-4A0C-8A0F-80E425ADE49C}"
EndProject
Global
	GlobalSection(SolutionConfigurationPlatforms) = preSolution
		Debug|Any CPU = Debug|Any CPU
		Release|Any CPU = Release|Any CPU
	EndGlobalSection
	GlobalSection(ProjectConfigurationPlatforms) = postSolution
		{F858A749-C757-4A0C-8A0F-80E425ADE49C}.Debug|Any CPU.ActiveCfg = Debug|Any CPU
		{F858A749-C757-4A0C-8A0F-80E425ADE49C}.Debug|Any CPU.Build.0 = Debug|Any CPU
		{F858A749-C757-4A0C-8A0F-80E425ADE49C}.Release|Any CPU.ActiveCfg = Release|Any CPU
		{F858A749-C757-4A0C-8A0F-80E425ADE49C}.Release|Any CPU.Build.0 = Release|Any CPU
	EndGlobalSection
	GlobalSection(SolutionProperties) = preSolution
		HideSolutionNode = FALSE
	EndGlobalSection
	GlobalSection(ExtensibilityGlobals) = postSolution
		SolutionGuid = {4C7B946A-9241-45D6-AF7A-6FBD04B0A87B}
	EndGlobalSection
EndGlobal
